
Microsoft Visual Studio Solution File, Format Version 12.00
# Visual Studio 15
VisualStudioVersion = 15.0.27130.2020
MinimumVisualStudioVersion = 10.0.40219.1
Project("{FAE04EC0-301F-11D3-BF4B-00C04F79EFBC}") = "AStar.Core", "AStar.Core\AStar.Core.csproj", "{07DFDFF2-5981-46D7-9A1F-99129FAEA47F}"
EndProject
Project("{FAE04EC0-301F-11D3-BF4B-00C04F79EFBC}") = "AStar.Tests", "AStar.Tests\AStar.Tests.csproj", "{881EA4DC-993B-4AC1-BA4A-27B5E146DEBC}"
EndProject
Global
	GlobalSection(SolutionConfigurationPlatforms) = preSolution
		Debug|Any CPU = Debug|Any CPU
		Release|Any CPU = Release|Any CPU
	EndGlobalSection
	GlobalSection(ProjectConfigurationPlatforms) = postSolution
		{07DFDFF2-5981-46D7-9A1F-99129FAEA47F}.Debug|Any CPU.ActiveCfg = Debug|Any CPU
		{07DFDFF2-5981-46D7-9A1F-99129FAEA47F}.Debug|Any CPU.Build.0 = Debug|Any CPU
		{07DFDFF2-5981-46D7-9A1F-99129FAEA47F}.Release|Any CPU.ActiveCfg = Release|Any CPU
		{07DFDFF2-5981-46D7-9A1F-99129FAEA47F}.Release|Any CPU.Build.0 = Release|Any CPU
		{881EA4DC-993B-4AC1-BA4A-27B5E146DEBC}.Debug|Any CPU.ActiveCfg = Debug|Any CPU
		{881EA4DC-993B-4AC1-BA4A-27B5E146DEBC}.Debug|Any CPU.Build.0 = Debug|Any CPU
		{881EA4DC-993B-4AC1-BA4A-27B5E146DEBC}.Release|Any CPU.ActiveCfg = Release|Any CPU
		{881EA4DC-993B-4AC1-BA4A-27B5E146DEBC}.Release|Any CPU.Build.0 = Release|Any CPU
	EndGlobalSection
	GlobalSection(SolutionProperties) = preSolution
		HideSolutionNode = FALSE
	EndGlobalSection
	GlobalSection(ExtensibilityGlobals) = postSolution
		SolutionGuid = {F4F308FE-5489-49A4-8108-507DAFE14F4D}
	EndGlobalSection
EndGlobal
